
Microsoft Visual Studio Solution File, Format Version 12.00
# Visual Studio Version 17
VisualStudioVersion = 17.0.31903.59
MinimumVisualStudioVersion = 10.0.40219.1
Project("{FAE04EC0-301F-11D3-BF4B-00C04F79EFBC}") = "Restaurante-sal-salsa", "Restaurante-sal-salsa.csproj", "{30A06B1A-E684-4923-A6EA-8795413964C3}"
EndProject
Global
	GlobalSection(SolutionConfigurationPlatforms) = preSolution
		Debug|Any CPU = Debug|Any CPU
		Release|Any CPU = Release|Any CPU
	EndGlobalSection
	GlobalSection(ProjectConfigurationPlatforms) = postSolution
		{30A06B1A-E684-4923-A6EA-8795413964C3}.Debug|Any CPU.ActiveCfg = Debug|Any CPU
		{30A06B1A-E684-4923-A6EA-8795413964C3}.Debug|Any CPU.Build.0 = Debug|Any CPU
		{30A06B1A-E684-4923-A6EA-8795413964C3}.Release|Any CPU.ActiveCfg = Release|Any CPU
		{30A06B1A-E684-4923-A6EA-8795413964C3}.Release|Any CPU.Build.0 = Release|Any CPU
	EndGlobalSection
	GlobalSection(SolutionProperties) = preSolution
		HideSolutionNode = FALSE
	EndGlobalSection
	GlobalSection(ExtensibilityGlobals) = postSolution
		SolutionGuid = {72C3B2AA-C00D-49AF-A0DA-C4CCD7F8D7BC}
	EndGlobalSection
EndGlobal
